schema: '2.0'
stages:
  collect-data:
    cmd: calkit runenv -n py -- python scripts/collect-data.py
    deps:
    - path: environment.yml
      hash: md5
      md5: 627d0116e60eab837fbf07edb4d370e0
      size: 114
    - path: scripts/collect-data.py
      hash: md5
      md5: eeab1328ac4a9df2ef2452d32c1e6cce
      size: 424
    outs:
    - path: data/raw/data.csv
      hash: md5
      md5: 356e978fbb550661cca4f095bda06451
      size: 43617
  plot-voltage:
    cmd: calkit runenv -n py -- python scripts/plot-voltage.py
    deps:
    - path: data/raw/data.csv
      hash: md5
      md5: 356e978fbb550661cca4f095bda06451
      size: 43617
    - path: environment.yml
      hash: md5
      md5: 627d0116e60eab837fbf07edb4d370e0
      size: 114
    - path: scripts/plot-voltage.py
      hash: md5
      md5: 087a567a0c0f6199a908399013d564a1
      size: 297
    outs:
    - path: figures/voltage-time-series.png
      hash: md5
      md5: 84183a1c2137c40b72928eef5d98a939
      size: 44127
  copy-figures-to-paper-dir:
    cmd: cp -r figures paper/figures
    deps:
    - path: figures
      hash: md5
      md5: d6fd2418e3b774996ddd0f26715c36ac.dir
      size: 45148
      nfiles: 2
    outs:
    - path: paper/figures
      hash: md5
      md5: d6fd2418e3b774996ddd0f26715c36ac.dir
      size: 45148
      nfiles: 2
  build-paper:
    cmd: "calkit runenv -n tex -- \"cd paper && latexmk -interaction=nonstopmode -pdf
      paper.tex\"\n"
    deps:
    - path: figures
      hash: md5
      md5: 234d9c789291c3bce3a9c81f98e1d6d7.dir
      size: 44152
      nfiles: 2
    - path: paper/paper.tex
      hash: md5
      md5: af281fec490bfff26b5954baa2e177d6
      size: 577
    outs:
    - path: paper/paper.pdf
      hash: md5
      md5: 638c28579f02cef74795631a05c573a4
      size: 93237
  make-thing:
    cmd: ' bash --noprofile --norc -c "echo \"Making a thing more\" > paper-2/thing.txt"'
    outs:
    - path: paper-2/thing.txt
      hash: md5
      md5: b130eeb413db6d877a36b1804252ff59
      size: 20
